# This file is automatically @generated by Poetry and should not be changed by hand.

[[package]]
name = "attrs"
version = "22.2.0"
description = "Classes Without Boilerplate"
category = "main"
optional = false
python-versions = ">=3.6"
files = [
    {file = "attrs-22.2.0-py3-none-any.whl", hash = "sha256:29e95c7f6778868dbd49170f98f8818f78f3dc5e0e37c0b1f474e3561b240836"},
    {file = "attrs-22.2.0.tar.gz", hash = "sha256:c9227bfc2f01993c03f68db37d1d15c9690188323c067c641f1a35ca58185f99"},
]

[package.extras]
cov = ["attrs[tests]", "coverage-enable-subprocess", "coverage[toml] (>=5.3)"]
dev = ["attrs[docs,tests]"]
docs = ["furo", "myst-parser", "sphinx", "sphinx-notfound-page", "sphinxcontrib-towncrier", "towncrier", "zope.interface"]
tests = ["attrs[tests-no-zope]", "zope.interface"]
tests-no-zope = ["cloudpickle", "cloudpickle", "hypothesis", "hypothesis", "mypy (>=0.971,<0.990)", "mypy (>=0.971,<0.990)", "pympler", "pympler", "pytest (>=4.3.0)", "pytest (>=4.3.0)", "pytest-mypy-plugins", "pytest-mypy-plugins", "pytest-xdist[psutil]", "pytest-xdist[psutil]"]

[[package]]
name = "cassandra-driver"
version = "3.25.0"
description = "DataStax Driver for Apache Cassandra"
category = "main"
optional = false
python-versions = "*"
files = [
    {file = "cassandra-driver-3.25.0.tar.gz", hash = "sha256:8ad7d7c090eb1cac6110b3bfc1fd2d334ac62f415aac09350ebb8d241b7aa7ee"},
    {file = "cassandra_driver-3.25.0-cp310-cp310-macosx_10_9_universal2.whl", hash = "sha256:998316dbdc68d72e23b0ec3a3ddc8653d9e48ed34b42c6111ea44922e27a5462"},
    {file = "cassandra_driver-3.25.0-cp310-cp310-manylinux_2_12_i686.manylinux2010_i686.whl", hash = "sha256:272471a31f0b9941ca898416a9ce05b5f3dcd062a9a8fd14fe58f5d659672be2"},
    {file = "cassandra_driver-3.25.0-cp310-cp310-manylinux_2_12_x86_64.manylinux2010_x86_64.whl", hash = "sha256:ddd579e116d20dedbfa4db54f914550935b35dababf40b260f0bd091c2043d96"},
    {file = "cassandra_driver-3.25.0-cp35-cp35m-win32.whl", hash = "sha256:e37dd75fc2f3223b05b80aa72cc8a4b64a5e950a9ff9703ebcc20b134a6fd0eb"},
    {file = "cassandra_driver-3.25.0-cp35-cp35m-win_amd64.whl", hash = "sha256:1d50b92b88fbc8745fea3eaaf31bbfec7ffa90528c3a08951ed6ecd2d6642d93"},
    {file = "cassandra_driver-3.25.0-cp36-cp36m-macosx_10_9_x86_64.whl", hash = "sha256:7ea4cf45e9e9fe7f9cf33ed4698e0592880563c642fa2d61879a1d6789fd45f0"},
    {file = "cassandra_driver-3.25.0-cp36-cp36m-manylinux1_i686.whl", hash = "sha256:a11b1a7ae6f40d67f7258f162c1ddce1c6dc3e749ad4cb7f3cdb6b9bbdae5a9e"},
    {file = "cassandra_driver-3.25.0-cp36-cp36m-manylinux1_x86_64.whl", hash = "sha256:c2eff4ad029fe297b89487f7c5f29bd391786fd4a4ba51197030eb986cc18f9c"},
    {file = "cassandra_driver-3.25.0-cp36-cp36m-win32.whl", hash = "sha256:cfb8f79268e58e9569f41457b670757add6a80b6325a848a6a59a1039f31022c"},
    {file = "cassandra_driver-3.25.0-cp36-cp36m-win_amd64.whl", hash = "sha256:f80101afe711f5648c267a4657df6f5b1d77a317c985757a55689ed741c972e6"},
    {file = "cassandra_driver-3.25.0-cp37-cp37m-macosx_10_9_x86_64.whl", hash = "sha256:96829a7a5b9255e6ad1eef1c2558599a3b282330cbed3755c349762756425294"},
    {file = "cassandra_driver-3.25.0-cp37-cp37m-manylinux1_i686.whl", hash = "sha256:3166d33d8c63991c349ed09a2ef31242a6eb48b588fc144f16a350e1b1335f29"},
    {file = "cassandra_driver-3.25.0-cp37-cp37m-manylinux1_x86_64.whl", hash = "sha256:9202da218f1f6bc5dbc3e8079e9d9f88213aca2b3397908a6850fb3179ee86b4"},
    {file = "cassandra_driver-3.25.0-cp37-cp37m-manylinux_2_17_aarch64.manylinux2014_aarch64.whl", hash = "sha256:3a0bd62855cf04c81975b8bf66589d044f7d58f3b54c280cd5be27af635aecef"},
    {file = "cassandra_driver-3.25.0-cp37-cp37m-win32.whl", hash = "sha256:42e7870d9f770af9707ebb790df1f729a05b5dd9dc1865ebe84d225d13b6497e"},
    {file = "cassandra_driver-3.25.0-cp37-cp37m-win_amd64.whl", hash = "sha256:ce452de8ed0440f75979f2a904b4c69181e422d08b6fd55a2b707817d311f3c1"},
    {file = "cassandra_driver-3.25.0-cp38-cp38-macosx_10_9_x86_64.whl", hash = "sha256:66f347b6f0d208c894459e8389138b2eb07a7bc36b8dc7eea3b8ec62ca89d379"},
    {file = "cassandra_driver-3.25.0-cp38-cp38-manylinux1_i686.whl", hash = "sha256:94c12060b313c8a3ee6f6ce7293c3e99f100688c204f8c9c97877caf36287213"},
    {file = "cassandra_driver-3.25.0-cp38-cp38-manylinux1_x86_64.whl", hash = "sha256:f3e80235d3949eadd273f0fc36ca4b9e7ed657007336f62b2e7e10321e322bfb"},
    {file = "cassandra_driver-3.25.0-cp38-cp38-manylinux_2_17_aarch64.manylinux2014_aarch64.whl", hash = "sha256:5e22bd0af470e47b5a97e92116fdd6b37d1143575a0eeec2b1eabeda44d30b41"},
    {file = "cassandra_driver-3.25.0-cp38-cp38-win32.whl", hash = "sha256:cc8431973235783a910e8e3864bdd2815194914e937ce6408d66d7a1c07eee78"},
    {file = "cassandra_driver-3.25.0-cp38-cp38-win_amd64.whl", hash = "sha256:3287f1e1f4aea6543221d418389e0708ad44650e7e2db70daa7beab701747a82"},
    {file = "cassandra_driver-3.25.0-cp39-cp39-macosx_10_9_x86_64.whl", hash = "sha256:530add82b35c1fde00b3fa21355ba7e1a01a93a0e1e9f315a74bdd87234c24f5"},
    {file = "cassandra_driver-3.25.0-cp39-cp39-manylinux_2_5_i686.manylinux1_i686.whl", hash = "sha256:5ffb45da8d46abca042b77ff0f2f61b657a718b23bdfd067afadadd64744e511"},
    {file = "cassandra_driver-3.25.0-cp39-cp39-manylinux_2_5_x86_64.manylinux1_x86_64.whl", hash = "sha256:d8bf46e921b74f1ff5ed2b6499dd69ced93a7bd10cb0d6eb099c5b843d0b1470"},
]

[package.dependencies]
geomet = ">=0.1,<0.3"
six = ">=1.9"

[package.extras]
graph = ["gremlinpython (==3.4.6)"]

[[package]]
name = "click"
version = "8.1.3"
description = "Composable command line interface toolkit"
category = "main"
optional = false
python-versions = ">=3.7"
files = [
    {file = "click-8.1.3-py3-none-any.whl", hash = "sha256:bb4d8133cb15a609f44e8213d9b391b0809795062913b383c62be0ee95b1db48"},
    {file = "click-8.1.3.tar.gz", hash = "sha256:7682dc8afb30297001674575ea00d1814d808d6a36af415a82bd481d37ba7b8e"},
]

[package.dependencies]
colorama = {version = "*", markers = "platform_system == \"Windows\""}

[[package]]
name = "colorama"
version = "0.4.6"
description = "Cross-platform colored terminal text."
category = "main"
optional = false
python-versions = "!=3.0.*,!=3.1.*,!=3.2.*,!=3.3.*,!=3.4.*,!=3.5.*,!=3.6.*,>=2.7"
files = [
    {file = "colorama-0.4.6-py2.py3-none-any.whl", hash = "sha256:4f1d9991f5acc0ca119f9d443620b77f9d6b33703e51011c16baf57afb285fc6"},
    {file = "colorama-0.4.6.tar.gz", hash = "sha256:08695f5cb7ed6e0531a20572697297273c47b8cae5a63ffc6d6ed5c201be6e44"},
]

[[package]]
name = "confluent-kafka"
version = "2.0.2"
description = "Confluent's Python client for Apache Kafka"
category = "main"
optional = false
python-versions = "*"
files = [
    {file = "confluent-kafka-2.0.2.tar.gz", hash = "sha256:3b342ea4226ed105ca8bc035b0877e4dc2f115ffda74e3a350f363683356515b"},
    {file = "confluent_kafka-2.0.2-cp310-cp310-macosx_10_9_x86_64.whl", hash = "sha256:bf71b92cb06ca24ef5395f985e6999cfaafa1cc437f4301798706dc88f8c131b"},
    {file = "confluent_kafka-2.0.2-cp310-cp310-macosx_11_0_arm64.whl", hash = "sha256:fd026438cc12372836f7b474e070b71af4b1fb5b45636930893c620336c92f89"},
    {file = "confluent_kafka-2.0.2-cp310-cp310-manylinux_2_17_x86_64.manylinux2014_x86_64.whl", hash = "sha256:b6d3af0cfbd1aa7c57c03ad0e991b18bbb5a1a2067d517214b745dcda53f2f99"},
    {file = "confluent_kafka-2.0.2-cp310-cp310-win32.whl", hash = "sha256:4957a099b896b3088f889f4f45b62c86ce8d86e8f2110b67fb967d80ffc01b26"},
    {file = "confluent_kafka-2.0.2-cp310-cp310-win_amd64.whl", hash = "sha256:cca1d06241cf2f9b70beb60302a3f583d1c2d7f7232750091e6d062cef75971a"},
    {file = "confluent_kafka-2.0.2-cp311-cp311-macosx_10_9_x86_64.whl", hash = "sha256:66730c4a4faca872e9cff458895c139b956741c9fa9b0a226770eca43b616c9b"},
    {file = "confluent_kafka-2.0.2-cp311-cp311-macosx_11_0_arm64.whl", hash = "sha256:a07c49ac59914a5490f2453491be5d9b36f7b24a26ef1a171eb4d3ff50c9aa1c"},
    {file = "confluent_kafka-2.0.2-cp311-cp311-manylinux_2_17_x86_64.manylinux2014_x86_64.whl", hash = "sha256:69f2582420b5c010b64812c0ff1f391d32fbca2f5783f00b19e9f296bbf70202"},
    {file = "confluent_kafka-2.0.2-cp311-cp311-win32.whl", hash = "sha256:cb651eb11bfc5fe66a7b1a5b858049c2cbc4320060161e651da9ecfce43f1158"},
    {file = "confluent_kafka-2.0.2-cp311-cp311-win_amd64.whl", hash = "sha256:2369a1ee740a0e3d7cd50cb1e7715ad56d7d9b561c5925d9d9abc298df1a1eb2"},
    {file = "confluent_kafka-2.0.2-cp36-cp36m-macosx_10_9_x86_64.whl", hash = "sha256:be13fc582129a2944a400dd76d1bf5e1284006cb907f0e0606ba821bc5fe59a8"},
    {file = "confluent_kafka-2.0.2-cp36-cp36m-manylinux_2_17_x86_64.manylinux2014_x86_64.whl", hash = "sha256:6e30da9ff531fea072fb984ec54e56e466587e072d1b386f7bc0b8887b0ae1e1"},
    {file = "confluent_kafka-2.0.2-cp36-cp36m-win32.whl", hash = "sha256:48f397de635a4c3205846dc8d65c1dda38a821b2db300a2e38739383e44cf931"},
    {file = "confluent_kafka-2.0.2-cp36-cp36m-win_amd64.whl", hash = "sha256:a43e40ccc26be0dbdc2772fa8fd1a8422f830e94ffc468f52888040be1669d32"},
    {file = "confluent_kafka-2.0.2-cp37-cp37m-macosx_10_9_x86_64.whl", hash = "sha256:634f1a78a99fa48fe86748b30f5cc96166e0082bbc169697807a448f4e01175c"},
    {file = "confluent_kafka-2.0.2-cp37-cp37m-manylinux_2_17_x86_64.manylinux2014_x86_64.whl", hash = "sha256:89801e255aad013b5305285811ad32c00010c29ce07e10c10eefee8ddd1dcfe0"},
    {file = "confluent_kafka-2.0.2-cp37-cp37m-win32.whl", hash = "sha256:0a39a1a63fcaa4e029e5afb676664b5328b71756d91dc27cfa3f2121b128b95a"},
    {file = "confluent_kafka-2.0.2-cp37-cp37m-win_amd64.whl", hash = "sha256:608b100f2fcd4f2ede2e7bdf966bcee799218c1d9da5d87e7a1bae21aa0a8e35"},
    {file = "confluent_kafka-2.0.2-cp38-cp38-macosx_10_9_x86_64.whl", hash = "sha256:0b72a086dd3f14f4bb8b97b3b7b62325ed2a1389f11d4acbd56b298615133395"},
    {file = "confluent_kafka-2.0.2-cp38-cp38-macosx_11_0_arm64.whl", hash = "sha256:50c3074df49be6d0e39532c099fd3f2a2f3c71652cb4cc37082e8382d3da2a22"},
    {file = "confluent_kafka-2.0.2-cp38-cp38-manylinux_2_17_x86_64.manylinux2014_x86_64.whl", hash = "sha256:5c89117d983b13746185713b4f1151e29bb467377b570301c1db5807d2eca567"},
    {file = "confluent_kafka-2.0.2-cp38-cp38-win32.whl", hash = "sha256:f2ac3554429be8ea26e16d83a33cd69ad38a3b6b4d5411beb245d928e4562994"},
    {file = "confluent_kafka-2.0.2-cp38-cp38-win_amd64.whl", hash = "sha256:470b3618259761616999915029d2cb24066657ecb864b7e1558e59cf2e8f748d"},
    {file = "confluent_kafka-2.0.2-cp39-cp39-macosx_10_9_x86_64.whl", hash = "sha256:d2d66c413ee810abd22253dae770365a89b4a4e9d99645724793c85a0c7e286b"},
    {file = "confluent_kafka-2.0.2-cp39-cp39-macosx_11_0_arm64.whl", hash = "sha256:6fac92f55ed526188bf38ec718251cc4b301c4dd2f97f786f8b08d64e459f10f"},
    {file = "confluent_kafka-2.0.2-cp39-cp39-manylinux_2_17_x86_64.manylinux2014_x86_64.whl", hash = "sha256:b89f96743829775c89b902b16cdc3189ff3c6a86b27fc713c73523d461c87d7a"},
    {file = "confluent_kafka-2.0.2-cp39-cp39-win32.whl", hash = "sha256:25ff4b322ce62f50402a3120c4b9eb73a093a80d829c3f0b11de12d85262b99b"},
    {file = "confluent_kafka-2.0.2-cp39-cp39-win_amd64.whl", hash = "sha256:23fbaa99cda5ae04ac9249236c581e6b1856624e5abd7ec88d9faf7ec18046fb"},
]

[package.extras]
avro = ["avro (>=1.11.1,<2)", "fastavro (>=0.23.0,<1.0)", "fastavro (>=1.0)", "requests"]
dev = ["avro (>=1.11.1,<2)", "fastavro (>=0.23.0,<1.0)", "fastavro (>=1.0)", "flake8", "pytest", "pytest (==4.6.4)", "pytest-timeout", "requests"]
doc = ["avro (>=1.11.1,<2)", "fastavro (>=0.23.0,<1.0)", "fastavro (>=1.0)", "requests", "sphinx", "sphinx-rtd-theme"]
json = ["jsonschema", "pyrsistent", "pyrsistent (==0.16.1)", "requests"]
protobuf = ["protobuf", "requests"]
schema-registry = ["requests"]

[[package]]
name = "geomet"
version = "0.2.1.post1"
description = "GeoJSON <-> WKT/WKB conversion utilities"
category = "main"
optional = false
python-versions = ">2.6, !=3.3.*, <4"
files = [
    {file = "geomet-0.2.1.post1-py3-none-any.whl", hash = "sha256:a41a1e336b381416d6cbed7f1745c848e91defaa4d4c1bdc1312732e46ffad2b"},
    {file = "geomet-0.2.1.post1.tar.gz", hash = "sha256:91d754f7c298cbfcabd3befdb69c641c27fe75e808b27aa55028605761d17e95"},
]

[package.dependencies]
click = "*"
six = "*"

[[package]]
name = "nvidia-cublas-cu11"
version = "11.10.3.66"
description = "CUBLAS native runtime libraries"
category = "main"
optional = false
python-versions = ">=3"
files = [
    {file = "nvidia_cublas_cu11-11.10.3.66-py3-none-manylinux1_x86_64.whl", hash = "sha256:d32e4d75f94ddfb93ea0a5dda08389bcc65d8916a25cb9f37ac89edaeed3bded"},
    {file = "nvidia_cublas_cu11-11.10.3.66-py3-none-win_amd64.whl", hash = "sha256:8ac17ba6ade3ed56ab898a036f9ae0756f1e81052a317bf98f8c6d18dc3ae49e"},
]

[package.dependencies]
setuptools = "*"
wheel = "*"

[[package]]
name = "nvidia-cuda-nvrtc-cu11"
version = "11.7.99"
description = "NVRTC native runtime libraries"
category = "main"
optional = false
python-versions = ">=3"
files = [
    {file = "nvidia_cuda_nvrtc_cu11-11.7.99-2-py3-none-manylinux1_x86_64.whl", hash = "sha256:9f1562822ea264b7e34ed5930567e89242d266448e936b85bc97a3370feabb03"},
    {file = "nvidia_cuda_nvrtc_cu11-11.7.99-py3-none-manylinux1_x86_64.whl", hash = "sha256:f7d9610d9b7c331fa0da2d1b2858a4a8315e6d49765091d28711c8946e7425e7"},
    {file = "nvidia_cuda_nvrtc_cu11-11.7.99-py3-none-win_amd64.whl", hash = "sha256:f2effeb1309bdd1b3854fc9b17eaf997808f8b25968ce0c7070945c4265d64a3"},
]

[package.dependencies]
setuptools = "*"
wheel = "*"

[[package]]
name = "nvidia-cuda-runtime-cu11"
version = "11.7.99"
description = "CUDA Runtime native Libraries"
category = "main"
optional = false
python-versions = ">=3"
files = [
    {file = "nvidia_cuda_runtime_cu11-11.7.99-py3-none-manylinux1_x86_64.whl", hash = "sha256:cc768314ae58d2641f07eac350f40f99dcb35719c4faff4bc458a7cd2b119e31"},
    {file = "nvidia_cuda_runtime_cu11-11.7.99-py3-none-win_amd64.whl", hash = "sha256:bc77fa59a7679310df9d5c70ab13c4e34c64ae2124dd1efd7e5474b71be125c7"},
]

[package.dependencies]
setuptools = "*"
wheel = "*"

[[package]]
name = "nvidia-cudnn-cu11"
version = "8.5.0.96"
description = "cuDNN runtime libraries"
category = "main"
optional = false
python-versions = ">=3"
files = [
    {file = "nvidia_cudnn_cu11-8.5.0.96-2-py3-none-manylinux1_x86_64.whl", hash = "sha256:402f40adfc6f418f9dae9ab402e773cfed9beae52333f6d86ae3107a1b9527e7"},
    {file = "nvidia_cudnn_cu11-8.5.0.96-py3-none-manylinux1_x86_64.whl", hash = "sha256:71f8111eb830879ff2836db3cccf03bbd735df9b0d17cd93761732ac50a8a108"},
]

[package.dependencies]
setuptools = "*"
wheel = "*"

[[package]]
name = "protobuf"
version = "4.21.12"
description = ""
category = "main"
optional = false
python-versions = ">=3.7"
files = [
    {file = "protobuf-4.21.12-cp310-abi3-win32.whl", hash = "sha256:b135410244ebe777db80298297a97fbb4c862c881b4403b71bac9d4107d61fd1"},
    {file = "protobuf-4.21.12-cp310-abi3-win_amd64.whl", hash = "sha256:89f9149e4a0169cddfc44c74f230d7743002e3aa0b9472d8c28f0388102fc4c2"},
    {file = "protobuf-4.21.12-cp37-abi3-macosx_10_9_universal2.whl", hash = "sha256:299ea899484ee6f44604deb71f424234f654606b983cb496ea2a53e3c63ab791"},
    {file = "protobuf-4.21.12-cp37-abi3-manylinux2014_aarch64.whl", hash = "sha256:d1736130bce8cf131ac7957fa26880ca19227d4ad68b4888b3be0dea1f95df97"},
    {file = "protobuf-4.21.12-cp37-abi3-manylinux2014_x86_64.whl", hash = "sha256:78a28c9fa223998472886c77042e9b9afb6fe4242bd2a2a5aced88e3f4422aa7"},
    {file = "protobuf-4.21.12-cp37-cp37m-win32.whl", hash = "sha256:3d164928ff0727d97022957c2b849250ca0e64777ee31efd7d6de2e07c494717"},
    {file = "protobuf-4.21.12-cp37-cp37m-win_amd64.whl", hash = "sha256:f45460f9ee70a0ec1b6694c6e4e348ad2019275680bd68a1d9314b8c7e01e574"},
    {file = "protobuf-4.21.12-cp38-cp38-win32.whl", hash = "sha256:6ab80df09e3208f742c98443b6166bcb70d65f52cfeb67357d52032ea1ae9bec"},
    {file = "protobuf-4.21.12-cp38-cp38-win_amd64.whl", hash = "sha256:1f22ac0ca65bb70a876060d96d914dae09ac98d114294f77584b0d2644fa9c30"},
    {file = "protobuf-4.21.12-cp39-cp39-win32.whl", hash = "sha256:27f4d15021da6d2b706ddc3860fac0a5ddaba34ab679dc182b60a8bb4e1121cc"},
    {file = "protobuf-4.21.12-cp39-cp39-win_amd64.whl", hash = "sha256:237216c3326d46808a9f7c26fd1bd4b20015fb6867dc5d263a493ef9a539293b"},
    {file = "protobuf-4.21.12-py2.py3-none-any.whl", hash = "sha256:a53fd3f03e578553623272dc46ac2f189de23862e68565e83dde203d41b76fc5"},
    {file = "protobuf-4.21.12-py3-none-any.whl", hash = "sha256:b98d0148f84e3a3c569e19f52103ca1feacdac0d2df8d6533cf983d1fda28462"},
    {file = "protobuf-4.21.12.tar.gz", hash = "sha256:7cd532c4566d0e6feafecc1059d04c7915aec8e182d1cf7adee8b24ef1e2e6ab"},
]

[[package]]
name = "pyignite"
version = "0.6.0"
description = "Apache Ignite binary client Python API"
category = "main"
optional = false
python-versions = ">=3.7"
files = [
    {file = "pyignite-0.6.0-cp310-cp310-macosx_10_9_x86_64.whl", hash = "sha256:c78592a4fc3922b617570d23599b942cf3aaa98e8cb394791d5f81a67d0f15be"},
    {file = "pyignite-0.6.0-cp310-cp310-manylinux_2_5_x86_64.manylinux1_x86_64.manylinux_2_17_x86_64.manylinux2014_x86_64.whl", hash = "sha256:3bb517af14c6ca512435595ef6d777eceeb6d69c3eaf17b373b9aeb40b4e86ec"},
    {file = "pyignite-0.6.0-cp310-cp310-musllinux_1_1_i686.whl", hash = "sha256:a2672b6730acbdc994ad59570265213a112c6a581e9444b163e9699b72257422"},
    {file = "pyignite-0.6.0-cp310-cp310-musllinux_1_1_x86_64.whl", hash = "sha256:9643b2ab30fc36de76c1c08a3371dfa74c4bfefa48fdece88ed35cc639be5b78"},
    {file = "pyignite-0.6.0-cp310-cp310-win_amd64.whl", hash = "sha256:61dc8bb0bb638421d4347a96868d65ca7348aa6448cc3704f58c5b32a6a9518e"},
    {file = "pyignite-0.6.0-cp311-cp311-macosx_10_9_x86_64.whl", hash = "sha256:839ace0055ddef9bf8c158ee22182b62e5086369ec16e437772762b1604a01a8"},
    {file = "pyignite-0.6.0-cp311-cp311-manylinux_2_5_x86_64.manylinux1_x86_64.manylinux_2_17_x86_64.manylinux2014_x86_64.whl", hash = "sha256:8b00bc5e91ed03089744cb12772043533129be1d4e9e7dc25cc62459558f72b6"},
    {file = "pyignite-0.6.0-cp311-cp311-musllinux_1_1_i686.whl", hash = "sha256:924bfa691e672b790f7638720b124e224138e68cda97b19461de4008f3a1a05f"},
    {file = "pyignite-0.6.0-cp311-cp311-musllinux_1_1_x86_64.whl", hash = "sha256:5b0c45bf46abff6ba704bcfee4d25f677034310f446982595cfd75c6a8ddf3a6"},
    {file = "pyignite-0.6.0-cp311-cp311-win_amd64.whl", hash = "sha256:0698c4cfd3717664a71a167548d2f6ba342caea0b069b56e421d4aa210d4496b"},
    {file = "pyignite-0.6.0-cp37-cp37m-macosx_10_9_x86_64.whl", hash = "sha256:8237caf16ca6c6ec0b841effc5a7fa50be48e5cd0f0d4f92666a2d434f8ddf1b"},
    {file = "pyignite-0.6.0-cp37-cp37m-manylinux_2_5_x86_64.manylinux1_x86_64.manylinux_2_17_x86_64.manylinux2014_x86_64.whl", hash = "sha256:3f123da64799a2991ff856116fed4f19f8059b829c9cb90ba9983964dbb124c9"},
    {file = "pyignite-0.6.0-cp37-cp37m-musllinux_1_1_i686.whl", hash = "sha256:0559d412cc926e4bc48f3d6e72b910c4ed0843a5e1d2df67e0813daea645db98"},
    {file = "pyignite-0.6.0-cp37-cp37m-musllinux_1_1_x86_64.whl", hash = "sha256:93fec9b83a82b22c411c1cada22cdfdf277e4cc3d8c695b07983dd5ae7a9465c"},
    {file = "pyignite-0.6.0-cp37-cp37m-win_amd64.whl", hash = "sha256:f5f28c5a4eb1ceeebaf0ceffc08eeb085913c1bd39c9ed9f007b23f80fb1d717"},
    {file = "pyignite-0.6.0-cp38-cp38-macosx_10_9_x86_64.whl", hash = "sha256:2b4e857d57a78b012ea84bfda8824c55e5a159003e2e488de5fc0709fb0a1c49"},
    {file = "pyignite-0.6.0-cp38-cp38-manylinux_2_5_x86_64.manylinux1_x86_64.manylinux_2_17_x86_64.manylinux2014_x86_64.whl", hash = "sha256:77740cd964977f5ba4450323606216ed1513c25d39126303238497bf43c30f09"},
    {file = "pyignite-0.6.0-cp38-cp38-musllinux_1_1_i686.whl", hash = "sha256:dc127ca2c09b94639cc9de26424f05deac032d33eabb22ceda3856e82c461064"},
    {file = "pyignite-0.6.0-cp38-cp38-musllinux_1_1_x86_64.whl", hash = "sha256:8896ce179408b74f2fd033aa8b587eb1023b3faa3ece1632519eb6558cd295df"},
    {file = "pyignite-0.6.0-cp38-cp38-win_amd64.whl", hash = "sha256:643088e73a363665d21378f79903ace0641b4af02515c075344c384bf91c66b5"},
    {file = "pyignite-0.6.0-cp39-cp39-macosx_10_9_x86_64.whl", hash = "sha256:27c414464587b56e9f7f13ef3f1c22ef3693aaded97e1101b90c16cab61c3642"},
    {file = "pyignite-0.6.0-cp39-cp39-manylinux_2_5_x86_64.manylinux1_x86_64.manylinux_2_17_x86_64.manylinux2014_x86_64.whl", hash = "sha256:7725f8bdb74fddaaf91efa4d59321db59125d98aecabe8de9ca66cac1788389a"},
    {file = "pyignite-0.6.0-cp39-cp39-musllinux_1_1_i686.whl", hash = "sha256:2075300b4f954d6dc7717df437413ea061ba3d03b3f83d9abf972ec53d4fc0f9"},
    {file = "pyignite-0.6.0-cp39-cp39-musllinux_1_1_x86_64.whl", hash = "sha256:9f9cd0ff81c697be3b098233b7f1952d03d997ec9b0803b4c035bd47d0c2dccc"},
    {file = "pyignite-0.6.0-cp39-cp39-win_amd64.whl", hash = "sha256:46dc24d1cf9c24c7f42c33cfe29f7eed6826c9e816974b658e845072d7538993"},
    {file = "pyignite-0.6.0.zip", hash = "sha256:97ad36b1c6a4bd15803e55a195d123f0f3ef789a20cc9ea325faf221b70b0453"},
]

[package.dependencies]
attrs = ">=20.3.0"

[[package]]
name = "setuptools"
version = "67.2.0"
description = "Easily download, build, install, upgrade, and uninstall Python packages"
category = "main"
optional = false
python-versions = ">=3.7"
files = [
    {file = "setuptools-67.2.0-py3-none-any.whl", hash = "sha256:16ccf598aab3b506593c17378473978908a2734d7336755a8769b480906bec1c"},
    {file = "setuptools-67.2.0.tar.gz", hash = "sha256:b440ee5f7e607bb8c9de15259dba2583dd41a38879a7abc1d43a71c59524da48"},
]

[package.extras]
docs = ["furo", "jaraco.packaging (>=9)", "jaraco.tidelift (>=1.4)", "pygments-github-lexers (==0.0.5)", "rst.linker (>=1.9)", "sphinx (>=3.5)", "sphinx-favicon", "sphinx-hoverxref (<2)", "sphinx-inline-tabs", "sphinx-lint", "sphinx-notfound-page (==0.8.3)", "sphinx-reredirects", "sphinxcontrib-towncrier"]
testing = ["build[virtualenv]", "filelock (>=3.4.0)", "flake8 (<5)", "flake8-2020", "ini2toml[lite] (>=0.9)", "jaraco.envs (>=2.2)", "jaraco.path (>=3.2.0)", "pip (>=19.1)", "pip-run (>=8.8)", "pytest (>=6)", "pytest-black (>=0.3.7)", "pytest-checkdocs (>=2.4)", "pytest-cov", "pytest-enabler (>=1.3)", "pytest-flake8", "pytest-mypy (>=0.9.1)", "pytest-perf", "pytest-timeout", "pytest-xdist", "tomli-w (>=1.0.0)", "virtualenv (>=13.0.0)", "wheel"]
testing-integration = ["build[virtualenv]", "filelock (>=3.4.0)", "jaraco.envs (>=2.2)", "jaraco.path (>=3.2.0)", "pytest", "pytest-enabler", "pytest-xdist", "tomli", "virtualenv (>=13.0.0)", "wheel"]

[[package]]
name = "six"
version = "1.16.0"
description = "Python 2 and 3 compatibility utilities"
category = "main"
optional = false
python-versions = ">=2.7, !=3.0.*, !=3.1.*, !=3.2.*"
files = [
    {file = "six-1.16.0-py2.py3-none-any.whl", hash = "sha256:8abb2f1d86890a2dfb989f9a77cfcfd3e47c2a354b01111771326f8aa26e0254"},
    {file = "six-1.16.0.tar.gz", hash = "sha256:1e61c37477a1626458e36f7b1d82aa5c9b094fa4802892072e49de9c60c4c926"},
]

[[package]]
name = "torch"
version = "1.13.1"
description = "Tensors and Dynamic neural networks in Python with strong GPU acceleration"
category = "main"
optional = false
python-versions = ">=3.7.0"
files = [
    {file = "torch-1.13.1-cp310-cp310-manylinux1_x86_64.whl", hash = "sha256:fd12043868a34a8da7d490bf6db66991108b00ffbeecb034228bfcbbd4197143"},
    {file = "torch-1.13.1-cp310-cp310-manylinux2014_aarch64.whl", hash = "sha256:d9fe785d375f2e26a5d5eba5de91f89e6a3be5d11efb497e76705fdf93fa3c2e"},
    {file = "torch-1.13.1-cp310-cp310-win_amd64.whl", hash = "sha256:98124598cdff4c287dbf50f53fb455f0c1e3a88022b39648102957f3445e9b76"},
    {file = "torch-1.13.1-cp310-none-macosx_10_9_x86_64.whl", hash = "sha256:393a6273c832e047581063fb74335ff50b4c566217019cc6ace318cd79eb0566"},
    {file = "torch-1.13.1-cp310-none-macosx_11_0_arm64.whl", hash = "sha256:0122806b111b949d21fa1a5f9764d1fd2fcc4a47cb7f8ff914204fd4fc752ed5"},
    {file = "torch-1.13.1-cp311-cp311-manylinux1_x86_64.whl", hash = "sha256:22128502fd8f5b25ac1cd849ecb64a418382ae81dd4ce2b5cebaa09ab15b0d9b"},
    {file = "torch-1.13.1-cp37-cp37m-manylinux1_x86_64.whl", hash = "sha256:76024be052b659ac1304ab8475ab03ea0a12124c3e7626282c9c86798ac7bc11"},
    {file = "torch-1.13.1-cp37-cp37m-manylinux2014_aarch64.whl", hash = "sha256:ea8dda84d796094eb8709df0fcd6b56dc20b58fdd6bc4e8d7109930dafc8e419"},
    {file = "torch-1.13.1-cp37-cp37m-win_amd64.whl", hash = "sha256:2ee7b81e9c457252bddd7d3da66fb1f619a5d12c24d7074de91c4ddafb832c93"},
    {file = "torch-1.13.1-cp37-none-macosx_10_9_x86_64.whl", hash = "sha256:0d9b8061048cfb78e675b9d2ea8503bfe30db43d583599ae8626b1263a0c1380"},
    {file = "torch-1.13.1-cp37-none-macosx_11_0_arm64.whl", hash = "sha256:f402ca80b66e9fbd661ed4287d7553f7f3899d9ab54bf5c67faada1555abde28"},
    {file = "torch-1.13.1-cp38-cp38-manylinux1_x86_64.whl", hash = "sha256:727dbf00e2cf858052364c0e2a496684b9cb5aa01dc8a8bc8bbb7c54502bdcdd"},
    {file = "torch-1.13.1-cp38-cp38-manylinux2014_aarch64.whl", hash = "sha256:df8434b0695e9ceb8cc70650afc1310d8ba949e6db2a0525ddd9c3b2b181e5fe"},
    {file = "torch-1.13.1-cp38-cp38-win_amd64.whl", hash = "sha256:5e1e722a41f52a3f26f0c4fcec227e02c6c42f7c094f32e49d4beef7d1e213ea"},
    {file = "torch-1.13.1-cp38-none-macosx_10_9_x86_64.whl", hash = "sha256:33e67eea526e0bbb9151263e65417a9ef2d8fa53cbe628e87310060c9dcfa312"},
    {file = "torch-1.13.1-cp38-none-macosx_11_0_arm64.whl", hash = "sha256:eeeb204d30fd40af6a2d80879b46a7efbe3cf43cdbeb8838dd4f3d126cc90b2b"},
    {file = "torch-1.13.1-cp39-cp39-manylinux1_x86_64.whl", hash = "sha256:50ff5e76d70074f6653d191fe4f6a42fdbe0cf942fbe2a3af0b75eaa414ac038"},
    {file = "torch-1.13.1-cp39-cp39-manylinux2014_aarch64.whl", hash = "sha256:2c3581a3fd81eb1f0f22997cddffea569fea53bafa372b2c0471db373b26aafc"},
    {file = "torch-1.13.1-cp39-cp39-win_amd64.whl", hash = "sha256:0aa46f0ac95050c604bcf9ef71da9f1172e5037fdf2ebe051962d47b123848e7"},
    {file = "torch-1.13.1-cp39-none-macosx_10_9_x86_64.whl", hash = "sha256:6930791efa8757cb6974af73d4996b6b50c592882a324b8fb0589c6a9ba2ddaf"},
    {file = "torch-1.13.1-cp39-none-macosx_11_0_arm64.whl", hash = "sha256:e0df902a7c7dd6c795698532ee5970ce898672625635d885eade9976e5a04949"},
]

[package.dependencies]
nvidia-cublas-cu11 = {version = "11.10.3.66", markers = "platform_system == \"Linux\""}
nvidia-cuda-nvrtc-cu11 = {version = "11.7.99", markers = "platform_system == \"Linux\""}
nvidia-cuda-runtime-cu11 = {version = "11.7.99", markers = "platform_system == \"Linux\""}
nvidia-cudnn-cu11 = {version = "8.5.0.96", markers = "platform_system == \"Linux\""}
typing-extensions = "*"

[package.extras]
opt-einsum = ["opt-einsum (>=3.3)"]

[[package]]
name = "torchaudio"
version = "0.13.1"
description = "An audio package for PyTorch"
category = "main"
optional = false
python-versions = "*"
files = [
    {file = "torchaudio-0.13.1-cp310-cp310-macosx_10_9_x86_64.whl", hash = "sha256:5e0f3dc6699506521364266704e6bf89d0d0579fd435d12c5c2f5858d52de4fa"},
    {file = "torchaudio-0.13.1-cp310-cp310-macosx_12_0_arm64.whl", hash = "sha256:ec72a17d4d2178829e7780682999b535cf57fe160d0c20b0d6bdc1ad1a87c4dd"},
    {file = "torchaudio-0.13.1-cp310-cp310-manylinux1_x86_64.whl", hash = "sha256:62e9b5c260a27231d905588b72d2e2984ff9cdbb557af86eb178982fd265198d"},
    {file = "torchaudio-0.13.1-cp310-cp310-manylinux2014_aarch64.whl", hash = "sha256:2e47562cdcdd47cb8ed86a3cf053b7067cc9e88340f4550ae73d790ddbc12f21"},
    {file = "torchaudio-0.13.1-cp310-cp310-win_amd64.whl", hash = "sha256:5f2fc60206aa687eadc8cfb7c167784678936fbad13ccc583794fba3d6f77e1b"},
    {file = "torchaudio-0.13.1-cp37-cp37m-macosx_10_9_x86_64.whl", hash = "sha256:0fa7cc1a2b3056fc6ceee6d60dbcdef58955a7ca534667d0db9b4fc9efa087a1"},
    {file = "torchaudio-0.13.1-cp37-cp37m-manylinux1_x86_64.whl", hash = "sha256:901a6d65750fc3fb2c656ae274cc61599aa7d5472361fbc206e381a310d619d1"},
    {file = "torchaudio-0.13.1-cp37-cp37m-manylinux2014_aarch64.whl", hash = "sha256:4b798447283551def4d911dd6acb2c4bc08214e95f677f56c4f623fc99a90eff"},
    {file = "torchaudio-0.13.1-cp37-cp37m-win_amd64.whl", hash = "sha256:6bb94deeaf05fab9ff2f34906d3c36b46032420c3a08253d8c452999c235119c"},
    {file = "torchaudio-0.13.1-cp38-cp38-macosx_10_9_x86_64.whl", hash = "sha256:42ce5c66d304bc2cd68338916b8223e322e09a84dcbd9228814ef36bc477a37b"},
    {file = "torchaudio-0.13.1-cp38-cp38-macosx_12_0_arm64.whl", hash = "sha256:b093b3e7661c85168ec9dde2cf97345965ea0931d3d2a7e78bd409221e6d6998"},
    {file = "torchaudio-0.13.1-cp38-cp38-manylinux1_x86_64.whl", hash = "sha256:167f77ef385592a5af6f4e2ad1630a42ca1b70f905762fcd62e13dd4f163bdcf"},
    {file = "torchaudio-0.13.1-cp38-cp38-manylinux2014_aarch64.whl", hash = "sha256:3c48bcff00eae8180f87f58d1c9e7e9fd8c4cb7eb3ea8817935fb6048d152bc7"},
    {file = "torchaudio-0.13.1-cp38-cp38-win_amd64.whl", hash = "sha256:5de44b6b96a8d7a05650ef7377b2386650ddce92551d7dc02e05e7002aee5fd2"},
    {file = "torchaudio-0.13.1-cp39-cp39-macosx_10_9_x86_64.whl", hash = "sha256:9d2170540de32ae031aab3936129868e896ea041617b6d6692dde6aa2dfb0a23"},
    {file = "torchaudio-0.13.1-cp39-cp39-macosx_12_0_arm64.whl", hash = "sha256:91fcfbf47000402d12bff2624e6220a0fd3b8ca8ee6ff51edf5945ec39ab0a7f"},
    {file = "torchaudio-0.13.1-cp39-cp39-manylinux1_x86_64.whl", hash = "sha256:32592088b48dfcd2ca247ad5d081a9e0c61de0caabb993d68bac779326456d8d"},
    {file = "torchaudio-0.13.1-cp39-cp39-manylinux2014_aarch64.whl", hash = "sha256:3023aeb5c191047bef1681a3741bffd4a2164b58a64cad24dd37da5e1ac2d1f1"},
    {file = "torchaudio-0.13.1-cp39-cp39-win_amd64.whl", hash = "sha256:418fbf93ba77b9742b05b76561be4fe7e8ded27cfe414828624765986b30ce5a"},
]

[package.dependencies]
torch = "*"

[[package]]
name = "typing-extensions"
version = "4.4.0"
description = "Backported and Experimental Type Hints for Python 3.7+"
category = "main"
optional = false
python-versions = ">=3.7"
files = [
    {file = "typing_extensions-4.4.0-py3-none-any.whl", hash = "sha256:16fa4864408f655d35ec496218b85f79b3437c829e93320c7c9215ccfd92489e"},
    {file = "typing_extensions-4.4.0.tar.gz", hash = "sha256:1511434bb92bf8dd198c12b1cc812e800d4181cfcb867674e0f8279cc93087aa"},
]

[[package]]
name = "wheel"
version = "0.38.4"
description = "A built-package format for Python"
category = "main"
optional = false
python-versions = ">=3.7"
files = [
    {file = "wheel-0.38.4-py3-none-any.whl", hash = "sha256:b60533f3f5d530e971d6737ca6d58681ee434818fab630c83a734bb10c083ce8"},
    {file = "wheel-0.38.4.tar.gz", hash = "sha256:965f5259b566725405b05e7cf774052044b1ed30119b5d586b2703aafe8719ac"},
]

[package.extras]
test = ["pytest (>=3.0.0)"]

[metadata]
lock-version = "2.0"
python-versions = "^3.9"
content-hash = "47dbe0707794f1fa13140af70736731eb962fd98e8492f624c107f1a0213416e"
